
Microsoft Visual Studio Solution File, Format Version 12.00
# Visual Studio 15
VisualStudioVersion = 15.0.28307.705
MinimumVisualStudioVersion = 10.0.40219.1
Project("{FAE04EC0-301F-11D3-BF4B-00C04F79EFBC}") = "ExcelCharts2Powerpoint", "ExcelCharts2Powerpoint\ExcelCharts2Powerpoint.csproj", "{4F245B86-7979-4901-AF02-AF52D82307E7}"
EndProject
Global
	GlobalSection(SolutionConfigurationPlatforms) = preSolution
		Debug|Any CPU = Debug|Any CPU
		Release|Any CPU = Release|Any CPU
	EndGlobalSection
	GlobalSection(ProjectConfigurationPlatforms) = postSolution
		{4F245B86-7979-4901-AF02-AF52D82307E7}.Debug|Any CPU.ActiveCfg = Debug|Any CPU
		{4F245B86-7979-4901-AF02-AF52D82307E7}.Debug|Any CPU.Build.0 = Debug|Any CPU
		{4F245B86-7979-4901-AF02-AF52D82307E7}.Release|Any CPU.ActiveCfg = Release|Any CPU
		{4F245B86-7979-4901-AF02-AF52D82307E7}.Release|Any CPU.Build.0 = Release|Any CPU
	EndGlobalSection
	GlobalSection(SolutionProperties) = preSolution
		HideSolutionNode = FALSE
	EndGlobalSection
	GlobalSection(ExtensibilityGlobals) = postSolution
		SolutionGuid = {C479F4E8-861D-4688-8D7F-54C5575FCCE0}
	EndGlobalSection
EndGlobal
